
Microsoft Visual Studio Solution File, Format Version 12.00
# Visual Studio Version 16
VisualStudioVersion = 16.0.29509.3
MinimumVisualStudioVersion = 10.0.40219.1
Project("{FAE04EC0-301F-11D3-BF4B-00C04F79EFBC}") = "AsyncProgressReporter", "AsyncProgressReporter\AsyncProgressReporter.csproj", "{BF1F7C4F-51B7-4255-8418-05545EB92696}"
EndProject
Project("{FAE04EC0-301F-11D3-BF4B-00C04F79EFBC}") = "AsyncProgressReporter.Demo", "AsyncProgressReporter.Demo\AsyncProgressReporter.Demo.csproj", "{56155295-630F-49A2-B20A-A92A4B924DCC}"
EndProject
Global
	GlobalSection(SolutionConfigurationPlatforms) = preSolution
		Debug|Any CPU = Debug|Any CPU
		Release|Any CPU = Release|Any CPU
	EndGlobalSection
	GlobalSection(ProjectConfigurationPlatforms) = postSolution
		{BF1F7C4F-51B7-4255-8418-05545EB92696}.Debug|Any CPU.ActiveCfg = Debug|Any CPU
		{BF1F7C4F-51B7-4255-8418-05545EB92696}.Debug|Any CPU.Build.0 = Debug|Any CPU
		{BF1F7C4F-51B7-4255-8418-05545EB92696}.Release|Any CPU.ActiveCfg = Release|Any CPU
		{BF1F7C4F-51B7-4255-8418-05545EB92696}.Release|Any CPU.Build.0 = Release|Any CPU
		{56155295-630F-49A2-B20A-A92A4B924DCC}.Debug|Any CPU.ActiveCfg = Debug|Any CPU
		{56155295-630F-49A2-B20A-A92A4B924DCC}.Debug|Any CPU.Build.0 = Debug|Any CPU
		{56155295-630F-49A2-B20A-A92A4B924DCC}.Release|Any CPU.ActiveCfg = Release|Any CPU
		{56155295-630F-49A2-B20A-A92A4B924DCC}.Release|Any CPU.Build.0 = Release|Any CPU
	EndGlobalSection
	GlobalSection(SolutionProperties) = preSolution
		HideSolutionNode = FALSE
	EndGlobalSection
	GlobalSection(ExtensibilityGlobals) = postSolution
		SolutionGuid = {363580EF-C10D-4316-9B38-90D27E4079A3}
	EndGlobalSection
EndGlobal
